
Microsoft Visual Studio Solution File, Format Version 12.00
# Visual Studio Version 17
VisualStudioVersion = 17.6.33815.320
MinimumVisualStudioVersion = 10.0.40219.1
Project("{FAE04EC0-301F-11D3-BF4B-00C04F79EFBC}") = "HotelListing.API", "HotelListing.API\HotelListing.API.csproj", "{AD89044C-3F39-4EC1-AC7E-4E44FF00DB22}"
EndProject
Global
	GlobalSection(SolutionConfigurationPlatforms) = preSolution
		Debug|Any CPU = Debug|Any CPU
		Release|Any CPU = Release|Any CPU
	EndGlobalSection
	GlobalSection(ProjectConfigurationPlatforms) = postSolution
		{AD89044C-3F39-4EC1-AC7E-4E44FF00DB22}.Debug|Any CPU.ActiveCfg = Debug|Any CPU
		{AD89044C-3F39-4EC1-AC7E-4E44FF00DB22}.Debug|Any CPU.Build.0 = Debug|Any CPU
		{AD89044C-3F39-4EC1-AC7E-4E44FF00DB22}.Release|Any CPU.ActiveCfg = Release|Any CPU
		{AD89044C-3F39-4EC1-AC7E-4E44FF00DB22}.Release|Any CPU.Build.0 = Release|Any CPU
	EndGlobalSection
	GlobalSection(SolutionProperties) = preSolution
		HideSolutionNode = FALSE
	EndGlobalSection
	GlobalSection(ExtensibilityGlobals) = postSolution
		SolutionGuid = {E7A2435F-6853-4A94-AF13-0B047559FCFD}
	EndGlobalSection
EndGlobal
